
Microsoft Visual Studio Solution File, Format Version 12.00
# Visual Studio 14
VisualStudioVersion = 14.0.25420.1
MinimumVisualStudioVersion = 10.0.40219.1
Project("{2150E333-8FDC-42A3-9474-1A3956D46DE8}") = "src", "src", "{1B907882-9B59-4824-9C23-4E5CBB4CFF35}"
EndProject
Project("{2150E333-8FDC-42A3-9474-1A3956D46DE8}") = "Solution Items", "Solution Items", "{F029A8BC-00AD-4F19-AE26-7D6F74DC9F8A}"
	ProjectSection(SolutionItems) = preProject
		global.json = global.json
	EndProjectSection
EndProject
Project("{8BB2217D-0F2D-49D1-97BC-3654ED321F3B}") = "Kaggle", "src\Kaggle\Kaggle.xproj", "{B6EB97D1-1347-43BE-9117-27A215B0EDF1}"
EndProject
Global
	GlobalSection(SolutionConfigurationPlatforms) = preSolution
		Debug|Any CPU = Debug|Any CPU
		Release|Any CPU = Release|Any CPU
	EndGlobalSection
	GlobalSection(ProjectConfigurationPlatforms) = postSolution
		{B6EB97D1-1347-43BE-9117-27A215B0EDF1}.Debug|Any CPU.ActiveCfg = Debug|Any CPU
		{B6EB97D1-1347-43BE-9117-27A215B0EDF1}.Debug|Any CPU.Build.0 = Debug|Any CPU
		{B6EB97D1-1347-43BE-9117-27A215B0EDF1}.Release|Any CPU.ActiveCfg = Release|Any CPU
		{B6EB97D1-1347-43BE-9117-27A215B0EDF1}.Release|Any CPU.Build.0 = Release|Any CPU
	EndGlobalSection
	GlobalSection(SolutionProperties) = preSolution
		HideSolutionNode = FALSE
	EndGlobalSection
	GlobalSection(NestedProjects) = preSolution
		{B6EB97D1-1347-43BE-9117-27A215B0EDF1} = {1B907882-9B59-4824-9C23-4E5CBB4CFF35}
	EndGlobalSection
EndGlobal
